
Microsoft Visual Studio Solution File, Format Version 12.00
# Visual Studio 15
VisualStudioVersion = 15.0.26730.3
MinimumVisualStudioVersion = 10.0.40219.1
Project("{9A19103F-16F7-4668-BE54-9A1E7A4F7556}") = "ColorAPI", "ColorAPI\ColorAPI.csproj", "{999B1E66-F0B7-4546-895C-EC0B10B90D2C}"
EndProject
Project("{E53339B2-1760-4266-BCC7-CA923CBCF16C}") = "docker-compose", "docker-compose.dcproj", "{C529D6F4-933F-42E0-9DFE-6B6A3A6E58ED}"
EndProject
Project("{2150E333-8FDC-42A3-9474-1A3956D46DE8}") = "Solution Items", "Solution Items", "{92FE8B88-6CAF-4B5F-8971-26B9BC81D266}"
	ProjectSection(SolutionItems) = preProject
		README.md = README.md
	EndProjectSection
EndProject
Global
	GlobalSection(SolutionConfigurationPlatforms) = preSolution
		Debug|Any CPU = Debug|Any CPU
		Release|Any CPU = Release|Any CPU
	EndGlobalSection
	GlobalSection(ProjectConfigurationPlatforms) = postSolution
		{999B1E66-F0B7-4546-895C-EC0B10B90D2C}.Debug|Any CPU.ActiveCfg = Debug|Any CPU
		{999B1E66-F0B7-4546-895C-EC0B10B90D2C}.Debug|Any CPU.Build.0 = Debug|Any CPU
		{999B1E66-F0B7-4546-895C-EC0B10B90D2C}.Release|Any CPU.ActiveCfg = Release|Any CPU
		{999B1E66-F0B7-4546-895C-EC0B10B90D2C}.Release|Any CPU.Build.0 = Release|Any CPU
		{C529D6F4-933F-42E0-9DFE-6B6A3A6E58ED}.Debug|Any CPU.ActiveCfg = Debug|Any CPU
		{C529D6F4-933F-42E0-9DFE-6B6A3A6E58ED}.Debug|Any CPU.Build.0 = Debug|Any CPU
		{C529D6F4-933F-42E0-9DFE-6B6A3A6E58ED}.Release|Any CPU.ActiveCfg = Release|Any CPU
		{C529D6F4-933F-42E0-9DFE-6B6A3A6E58ED}.Release|Any CPU.Build.0 = Release|Any CPU
	EndGlobalSection
	GlobalSection(SolutionProperties) = preSolution
		HideSolutionNode = FALSE
	EndGlobalSection
	GlobalSection(ExtensibilityGlobals) = postSolution
		SolutionGuid = {579B7BAB-0B10-49EA-8A6C-53785299059E}
	EndGlobalSection
EndGlobal
